
Microsoft Visual Studio Solution File, Format Version 12.00
# Visual Studio Version 17
VisualStudioVersion = 17.14.36301.6
MinimumVisualStudioVersion = 10.0.40219.1
Project("{FAE04EC0-301F-11D3-BF4B-00C04F79EFBC}") = "HackerNewsDashboard.Common", "HackerNewsDashboard.Common\HackerNewsDashboard.Common.csproj", "{8E6209B6-86F9-455D-877E-7C678E409104}"
EndProject
Project("{FAE04EC0-301F-11D3-BF4B-00C04F79EFBC}") = "HackerNewsDashboard", "HackerNewsDashboard\HackerNewsDashboard\HackerNewsDashboard.csproj", "{FBFCAB18-C41D-4580-AE56-F344A882A6C7}"
EndProject
Project("{FAE04EC0-301F-11D3-BF4B-00C04F79EFBC}") = "HackerNewsDashboard.Client", "HackerNewsDashboard\HackerNewsDashboard.Client\HackerNewsDashboard.Client.csproj", "{9F30944F-FB40-4EFF-B3F6-2DF10101D816}"
EndProject
Global
	GlobalSection(SolutionConfigurationPlatforms) = preSolution
		Debug|Any CPU = Debug|Any CPU
		Release|Any CPU = Release|Any CPU
	EndGlobalSection
	GlobalSection(ProjectConfigurationPlatforms) = postSolution
		{8E6209B6-86F9-455D-877E-7C678E409104}.Debug|Any CPU.ActiveCfg = Debug|Any CPU
		{8E6209B6-86F9-455D-877E-7C678E409104}.Debug|Any CPU.Build.0 = Debug|Any CPU
		{8E6209B6-86F9-455D-877E-7C678E409104}.Release|Any CPU.ActiveCfg = Release|Any CPU
		{8E6209B6-86F9-455D-877E-7C678E409104}.Release|Any CPU.Build.0 = Release|Any CPU
		{FBFCAB18-C41D-4580-AE56-F344A882A6C7}.Debug|Any CPU.ActiveCfg = Debug|Any CPU
		{FBFCAB18-C41D-4580-AE56-F344A882A6C7}.Debug|Any CPU.Build.0 = Debug|Any CPU
		{FBFCAB18-C41D-4580-AE56-F344A882A6C7}.Release|Any CPU.ActiveCfg = Release|Any CPU
		{FBFCAB18-C41D-4580-AE56-F344A882A6C7}.Release|Any CPU.Build.0 = Release|Any CPU
		{9F30944F-FB40-4EFF-B3F6-2DF10101D816}.Debug|Any CPU.ActiveCfg = Debug|Any CPU
		{9F30944F-FB40-4EFF-B3F6-2DF10101D816}.Debug|Any CPU.Build.0 = Debug|Any CPU
		{9F30944F-FB40-4EFF-B3F6-2DF10101D816}.Release|Any CPU.ActiveCfg = Release|Any CPU
		{9F30944F-FB40-4EFF-B3F6-2DF10101D816}.Release|Any CPU.Build.0 = Release|Any CPU
	EndGlobalSection
	GlobalSection(SolutionProperties) = preSolution
		HideSolutionNode = FALSE
	EndGlobalSection
	GlobalSection(ExtensibilityGlobals) = postSolution
		SolutionGuid = {33F216CE-1350-4E45-B27E-4A389D17AC77}
	EndGlobalSection
EndGlobal
